
Microsoft Visual Studio Solution File, Format Version 12.00
# Visual Studio Version 17
VisualStudioVersion = 17.0.31903.59
MinimumVisualStudioVersion = 10.0.40219.1
Project("{9A19103F-16F7-4668-BE54-9A1E7A4F7556}") = "DotWebFuzz", "DotWebFuzz\DotWebFuzz.csproj", "{1551B737-F1E2-42B8-B921-7AA190EF16AD}"
EndProject
Project("{2150E333-8FDC-42A3-9474-1A3956D46DE8}") = "Solution Items", "Solution Items", "{1E69FE42-970F-4BC0-82F0-DA2191986529}"
	ProjectSection(SolutionItems) = preProject
		README.md = README.md
	EndProjectSection
EndProject
Project("{9A19103F-16F7-4668-BE54-9A1E7A4F7556}") = "Shared", "Shared\Shared.csproj", "{8596168C-EBA0-4CEF-B77D-F341B80A95B1}"
EndProject
Project("{FAE04EC0-301F-11D3-BF4B-00C04F79EFBC}") = "DotLEnum", "DotLEnum\DotLEnum.csproj", "{6E626C63-2DE8-4802-B33F-EA301FA4C0DA}"
EndProject
Global
	GlobalSection(SolutionConfigurationPlatforms) = preSolution
		Debug|Any CPU = Debug|Any CPU
		Release|Any CPU = Release|Any CPU
	EndGlobalSection
	GlobalSection(ProjectConfigurationPlatforms) = postSolution
		{1551B737-F1E2-42B8-B921-7AA190EF16AD}.Debug|Any CPU.ActiveCfg = Debug|Any CPU
		{1551B737-F1E2-42B8-B921-7AA190EF16AD}.Debug|Any CPU.Build.0 = Debug|Any CPU
		{1551B737-F1E2-42B8-B921-7AA190EF16AD}.Release|Any CPU.ActiveCfg = Release|Any CPU
		{1551B737-F1E2-42B8-B921-7AA190EF16AD}.Release|Any CPU.Build.0 = Release|Any CPU
		{8596168C-EBA0-4CEF-B77D-F341B80A95B1}.Debug|Any CPU.ActiveCfg = Debug|Any CPU
		{8596168C-EBA0-4CEF-B77D-F341B80A95B1}.Debug|Any CPU.Build.0 = Debug|Any CPU
		{8596168C-EBA0-4CEF-B77D-F341B80A95B1}.Release|Any CPU.ActiveCfg = Release|Any CPU
		{8596168C-EBA0-4CEF-B77D-F341B80A95B1}.Release|Any CPU.Build.0 = Release|Any CPU
		{6E626C63-2DE8-4802-B33F-EA301FA4C0DA}.Debug|Any CPU.ActiveCfg = Debug|Any CPU
		{6E626C63-2DE8-4802-B33F-EA301FA4C0DA}.Debug|Any CPU.Build.0 = Debug|Any CPU
		{6E626C63-2DE8-4802-B33F-EA301FA4C0DA}.Release|Any CPU.ActiveCfg = Release|Any CPU
		{6E626C63-2DE8-4802-B33F-EA301FA4C0DA}.Release|Any CPU.Build.0 = Release|Any CPU
	EndGlobalSection
	GlobalSection(SolutionProperties) = preSolution
		HideSolutionNode = FALSE
	EndGlobalSection
	GlobalSection(ExtensibilityGlobals) = postSolution
		SolutionGuid = {38F6DE47-BD1C-4F4C-AA72-CB30BE9D8129}
	EndGlobalSection
EndGlobal
